
Microsoft Visual Studio Solution File, Format Version 12.00
# Visual Studio Version 17
VisualStudioVersion = 17.5.33530.505
MinimumVisualStudioVersion = 10.0.40219.1
Project("{9A19103F-16F7-4668-BE54-9A1E7A4F7556}") = "Model", "Model\Model.csproj", "{3AAF9800-C5D5-4F25-9EAD-ADC969A6CD49}"
EndProject
Project("{9A19103F-16F7-4668-BE54-9A1E7A4F7556}") = "OrderService", "OrderService\OrderService.csproj", "{059A2C8B-6182-4F41-AE08-49E5D4F0BF06}"
EndProject
Project("{9A19103F-16F7-4668-BE54-9A1E7A4F7556}") = "InventoryService", "InventoryService\InventoryService.csproj", "{30718885-06CB-4316-8885-F993C494CD2B}"
EndProject
Project("{9A19103F-16F7-4668-BE54-9A1E7A4F7556}") = "ProductService", "ProductService\ProductService.csproj", "{1AAAD88B-DA75-403B-9E42-51E97A50F647}"
EndProject
Project("{2150E333-8FDC-42A3-9474-1A3956D46DE8}") = "Services", "Services", "{537F23C2-E98C-47DA-8109-0FD4949D25C8}"
EndProject
Project("{2150E333-8FDC-42A3-9474-1A3956D46DE8}") = "Payment", "Payment", "{B5E98332-A897-48B1-8F06-D1A023A2059E}"
EndProject
Project("{9A19103F-16F7-4668-BE54-9A1E7A4F7556}") = "BillService", "BillService\BillService.csproj", "{54A3D213-5CA6-4719-9FB8-C30E6463BB38}"
EndProject
Project("{9A19103F-16F7-4668-BE54-9A1E7A4F7556}") = "PayService", "PayService\PayService.csproj", "{2D00052A-00C3-4A7A-AAF4-81AF67A8D311}"
EndProject
Project("{9A19103F-16F7-4668-BE54-9A1E7A4F7556}") = "NotificationService", "NotificationService\NotificationService.csproj", "{C140CC18-82F2-453B-A578-99FEA22FBCDC}"
EndProject
Project("{2150E333-8FDC-42A3-9474-1A3956D46DE8}") = "Infrastructure", "Infrastructure", "{D1F7AB84-D8CC-48C9-81DB-3069F523CD80}"
EndProject
Project("{FAE04EC0-301F-11D3-BF4B-00C04F79EFBC}") = "FaultService", "FaultService\FaultService.csproj", "{8B7678DF-0B46-4AD6-9EBA-6195262B7530}"
EndProject
Global
	GlobalSection(SolutionConfigurationPlatforms) = preSolution
		Debug|Any CPU = Debug|Any CPU
		Release|Any CPU = Release|Any CPU
	EndGlobalSection
	GlobalSection(ProjectConfigurationPlatforms) = postSolution
		{3AAF9800-C5D5-4F25-9EAD-ADC969A6CD49}.Debug|Any CPU.ActiveCfg = Debug|Any CPU
		{3AAF9800-C5D5-4F25-9EAD-ADC969A6CD49}.Debug|Any CPU.Build.0 = Debug|Any CPU
		{3AAF9800-C5D5-4F25-9EAD-ADC969A6CD49}.Release|Any CPU.ActiveCfg = Release|Any CPU
		{3AAF9800-C5D5-4F25-9EAD-ADC969A6CD49}.Release|Any CPU.Build.0 = Release|Any CPU
		{059A2C8B-6182-4F41-AE08-49E5D4F0BF06}.Debug|Any CPU.ActiveCfg = Debug|Any CPU
		{059A2C8B-6182-4F41-AE08-49E5D4F0BF06}.Debug|Any CPU.Build.0 = Debug|Any CPU
		{059A2C8B-6182-4F41-AE08-49E5D4F0BF06}.Release|Any CPU.ActiveCfg = Release|Any CPU
		{059A2C8B-6182-4F41-AE08-49E5D4F0BF06}.Release|Any CPU.Build.0 = Release|Any CPU
		{30718885-06CB-4316-8885-F993C494CD2B}.Debug|Any CPU.ActiveCfg = Debug|Any CPU
		{30718885-06CB-4316-8885-F993C494CD2B}.Debug|Any CPU.Build.0 = Debug|Any CPU
		{30718885-06CB-4316-8885-F993C494CD2B}.Release|Any CPU.ActiveCfg = Release|Any CPU
		{30718885-06CB-4316-8885-F993C494CD2B}.Release|Any CPU.Build.0 = Release|Any CPU
		{1AAAD88B-DA75-403B-9E42-51E97A50F647}.Debug|Any CPU.ActiveCfg = Debug|Any CPU
		{1AAAD88B-DA75-403B-9E42-51E97A50F647}.Debug|Any CPU.Build.0 = Debug|Any CPU
		{1AAAD88B-DA75-403B-9E42-51E97A50F647}.Release|Any CPU.ActiveCfg = Release|Any CPU
		{1AAAD88B-DA75-403B-9E42-51E97A50F647}.Release|Any CPU.Build.0 = Release|Any CPU
		{54A3D213-5CA6-4719-9FB8-C30E6463BB38}.Debug|Any CPU.ActiveCfg = Debug|Any CPU
		{54A3D213-5CA6-4719-9FB8-C30E6463BB38}.Debug|Any CPU.Build.0 = Debug|Any CPU
		{54A3D213-5CA6-4719-9FB8-C30E6463BB38}.Release|Any CPU.ActiveCfg = Release|Any CPU
		{54A3D213-5CA6-4719-9FB8-C30E6463BB38}.Release|Any CPU.Build.0 = Release|Any CPU
		{2D00052A-00C3-4A7A-AAF4-81AF67A8D311}.Debug|Any CPU.ActiveCfg = Debug|Any CPU
		{2D00052A-00C3-4A7A-AAF4-81AF67A8D311}.Debug|Any CPU.Build.0 = Debug|Any CPU
		{2D00052A-00C3-4A7A-AAF4-81AF67A8D311}.Release|Any CPU.ActiveCfg = Release|Any CPU
		{2D00052A-00C3-4A7A-AAF4-81AF67A8D311}.Release|Any CPU.Build.0 = Release|Any CPU
		{C140CC18-82F2-453B-A578-99FEA22FBCDC}.Debug|Any CPU.ActiveCfg = Debug|Any CPU
		{C140CC18-82F2-453B-A578-99FEA22FBCDC}.Debug|Any CPU.Build.0 = Debug|Any CPU
		{C140CC18-82F2-453B-A578-99FEA22FBCDC}.Release|Any CPU.ActiveCfg = Release|Any CPU
		{C140CC18-82F2-453B-A578-99FEA22FBCDC}.Release|Any CPU.Build.0 = Release|Any CPU
		{8B7678DF-0B46-4AD6-9EBA-6195262B7530}.Debug|Any CPU.ActiveCfg = Debug|Any CPU
		{8B7678DF-0B46-4AD6-9EBA-6195262B7530}.Debug|Any CPU.Build.0 = Debug|Any CPU
		{8B7678DF-0B46-4AD6-9EBA-6195262B7530}.Release|Any CPU.ActiveCfg = Release|Any CPU
		{8B7678DF-0B46-4AD6-9EBA-6195262B7530}.Release|Any CPU.Build.0 = Release|Any CPU
	EndGlobalSection
	GlobalSection(SolutionProperties) = preSolution
		HideSolutionNode = FALSE
	EndGlobalSection
	GlobalSection(NestedProjects) = preSolution
		{059A2C8B-6182-4F41-AE08-49E5D4F0BF06} = {537F23C2-E98C-47DA-8109-0FD4949D25C8}
		{30718885-06CB-4316-8885-F993C494CD2B} = {537F23C2-E98C-47DA-8109-0FD4949D25C8}
		{1AAAD88B-DA75-403B-9E42-51E97A50F647} = {537F23C2-E98C-47DA-8109-0FD4949D25C8}
		{B5E98332-A897-48B1-8F06-D1A023A2059E} = {537F23C2-E98C-47DA-8109-0FD4949D25C8}
		{54A3D213-5CA6-4719-9FB8-C30E6463BB38} = {B5E98332-A897-48B1-8F06-D1A023A2059E}
		{2D00052A-00C3-4A7A-AAF4-81AF67A8D311} = {B5E98332-A897-48B1-8F06-D1A023A2059E}
		{C140CC18-82F2-453B-A578-99FEA22FBCDC} = {B5E98332-A897-48B1-8F06-D1A023A2059E}
		{D1F7AB84-D8CC-48C9-81DB-3069F523CD80} = {537F23C2-E98C-47DA-8109-0FD4949D25C8}
		{8B7678DF-0B46-4AD6-9EBA-6195262B7530} = {D1F7AB84-D8CC-48C9-81DB-3069F523CD80}
	EndGlobalSection
	GlobalSection(ExtensibilityGlobals) = postSolution
		SolutionGuid = {22478314-2DF4-41FE-B8D7-D38D7C257930}
	EndGlobalSection
EndGlobal
